// !$*UTF8*$!
{
	archiveVersion = 1;
	classes = {
	};
	objectVersion = 46;
	objects = {

/* Begin PBXBuildFile section */
		CBC29F1A19B375EC00949AA0 /* Foundation.framework in Frameworks */ = {isa = PBXBuildFile; fileRef = CBC29F1919B375EC00949AA0 /* Foundation.framework */; };
		CBC29F1C19B375EC00949AA0 /* CoreGraphics.framework in Frameworks */ = {isa = PBXBuildFile; fileRef = CBC29F1B19B375EC00949AA0 /* CoreGraphics.framework */; };
		CBC29F1E19B375EC00949AA0 /* UIKit.framework in Frameworks */ = {isa = PBXBuildFile; fileRef = CBC29F1D19B375EC00949AA0 /* UIKit.framework */; };
		CBC29F2419B375EC00949AA0 /* InfoPlist.strings in Resources */ = {isa = PBXBuildFile; fileRef = CBC29F2219B375EC00949AA0 /* InfoPlist.strings */; };
		CBC29F2619B375EC00949AA0 /* main.m in Sources */ = {isa = PBXBuildFile; fileRef = CBC29F2519B375EC00949AA0 /* main.m */; };
		CBC29F2A19B375EC00949AA0 /* AppDelegate.m in Sources */ = {isa = PBXBuildFile; fileRef = CBC29F2919B375EC00949AA0 /* AppDelegate.m */; };
		CBC29F2C19B375EC00949AA0 /* Images.xcassets in Resources */ = {isa = PBXBuildFile; fileRef = CBC29F2B19B375EC00949AA0 /* Images.xcassets */; };
		CBC29F3319B375EC00949AA0 /* XCTest.framework in Frameworks */ = {isa = PBXBuildFile; fileRef = CBC29F3219B375EC00949AA0 /* XCTest.framework */; };
		CBC29F3419B375EC00949AA0 /* Foundation.framework in Frameworks */ = {isa = PBXBuildFile; fileRef = CBC29F1919B375EC00949AA0 /* Foundation.framework */; };
		CBC29F3519B375EC00949AA0 /* UIKit.framework in Frameworks */ = {isa = PBXBuildFile; fileRef = CBC29F1D19B375EC00949AA0 /* UIKit.framework */; };
		CBC29F3D19B375EC00949AA0 /* InfoPlist.strings in Resources */ = {isa = PBXBuildFile; fileRef = CBC29F3B19B375EC00949AA0 /* InfoPlist.strings */; };
		CBC29F3F19B375EC00949AA0 /* LocalNotificationTests.m in Sources */ = {isa = PBXBuildFile; fileRef = CBC29F3E19B375EC00949AA0 /* LocalNotificationTests.m */; };
		CBC29F4B19B3761100949AA0 /* ViewController.m in Sources */ = {isa = PBXBuildFile; fileRef = CBC29F4919B3761100949AA0 /* ViewController.m */; };
		CBC29F4C19B3761100949AA0 /* ViewController.xib in Resources */ = {isa = PBXBuildFile; fileRef = CBC29F4A19B3761100949AA0 /* ViewController.xib */; };
/* End PBXBuildFile section */

/* Begin PBXContainerItemProxy section */
		CBC29F3619B375EC00949AA0 /* PBXContainerItemProxy */ = {
			isa = PBXContainerItemProxy;
			containerPortal = CBC29F0E19B375EC00949AA0 /* Project object */;
			proxyType = 1;
			remoteGlobalIDString = CBC29F1519B375EC00949AA0;
			remoteInfo = LocalNotification;
		};
/* End PBXContainerItemProxy section */

/* Begin PBXFileReference section */
		CBC29F1619B375EC00949AA0 /* LocalNotification.app */ = {isa = PBXFileReference; explicitFileType = wrapper.application; includeInIndex = 0; path = LocalNotification.app; sourceTree = BUILT_PRODUCTS_DIR; };
		CBC29F1919B375EC00949AA0 /* Foundation.framework */ = {isa = PBXFileReference; lastKnownFileType = wrapper.framework; name = Foundation.framework; path = System/Library/Frameworks/Foundation.framework; sourceTree = SDKROOT; };
		CBC29F1B19B375EC00949AA0 /* CoreGraphics.framework */ = {isa = PBXFileReference; lastKnownFileType = wrapper.framework; name = CoreGraphics.framework; path = System/Library/Frameworks/CoreGraphics.framework; sourceTree = SDKROOT; };
		CBC29F1D19B375EC00949AA0 /* UIKit.framework */ = {isa = PBXFileReference; lastKnownFileType = wrapper.framework; name = UIKit.framework; path = System/Library/Frameworks/UIKit.framework; sourceTree = SDKROOT; };
		CBC29F2119B375EC00949AA0 /* LocalNotification-Info.plist */ = {isa = PBXFileReference; lastKnownFileType = text.plist.xml; path = "LocalNotification-Info.plist"; sourceTree = "<group>"; };
		CBC29F2319B375EC00949AA0 /* en */ = {isa = PBXFileReference; lastKnownFileType = text.plist.strings; name = en; path = en.lproj/InfoPlist.strings; sourceTree = "<group>"; };
		CBC29F2519B375EC00949AA0 /* main.m */ = {isa = PBXFileReference; lastKnownFileType = sourcecode.c.objc; path = main.m; sourceTree = "<group>"; };
		CBC29F2719B375EC00949AA0 /* LocalNotification-Prefix.pch */ = {isa = PBXFileReference; lastKnownFileType = sourcecode.c.h; path = "LocalNotification-Prefix.pch"; sourceTree = "<group>"; };
		CBC29F2819B375EC00949AA0 /* AppDelegate.h */ = {isa = PBXFileReference; lastKnownFileType = sourcecode.c.h; path = AppDelegate.h; sourceTree = "<group>"; };
		CBC29F2919B375EC00949AA0 /* AppDelegate.m */ = {isa = PBXFileReference; lastKnownFileType = sourcecode.c.objc; path = AppDelegate.m; sourceTree = "<group>"; };
		CBC29F2B19B375EC00949AA0 /* Images.xcassets */ = {isa = PBXFileReference; lastKnownFileType = folder.assetcatalog; path = Images.xcassets; sourceTree = "<group>"; };
		CBC29F3119B375EC00949AA0 /* LocalNotificationTests.xctest */ = {isa = PBXFileReference; explicitFileType = wrapper.cfbundle; includeInIndex = 0; path = LocalNotificationTests.xctest; sourceTree = BUILT_PRODUCTS_DIR; };
		CBC29F3219B375EC00949AA0 /* XCTest.framework */ = {isa = PBXFileReference; lastKnownFileType = wrapper.framework; name = XCTest.framework; path = Library/Frameworks/XCTest.framework; sourceTree = DEVELOPER_DIR; };
		CBC29F3A19B375EC00949AA0 /* LocalNotificationTests-Info.plist */ = {isa = PBXFileReference; lastKnownFileType = text.plist.xml; path = "LocalNotificationTests-Info.plist"; sourceTree = "<group>"; };
		CBC29F3C19B375EC00949AA0 /* en */ = {isa = PBXFileReference; lastKnownFileType = text.plist.strings; name = en; path = en.lproj/InfoPlist.strings; sourceTree = "<group>"; };
		CBC29F3E19B375EC00949AA0 /* LocalNotificationTests.m */ = {isa = PBXFileReference; lastKnownFileType = sourcecode.c.objc; path = LocalNotificationTests.m; sourceTree = "<group>"; };
		CBC29F4819B3761100949AA0 /* ViewController.h */ = {isa = PBXFileReference; fileEncoding = 4; lastKnownFileType = sourcecode.c.h; path = ViewController.h; sourceTree = "<group>"; };
		CBC29F4919B3761100949AA0 /* ViewController.m */ = {isa = PBXFileReference; fileEncoding = 4; lastKnownFileType = sourcecode.c.objc; path = ViewController.m; sourceTree = "<group>"; };
		CBC29F4A19B3761100949AA0 /* ViewController.xib */ = {isa = PBXFileReference; fileEncoding = 4; lastKnownFileType = file.xib; path = ViewController.xib; sourceTree = "<group>"; };
/* End PBXFileReference section */

/* Begin PBXFrameworksBuildPhase section */
		CBC29F1319B375EC00949AA0 /* Frameworks */ = {
			isa = PBXFrameworksBuildPhase;
			buildActionMask = 2147483647;
			files = (
				CBC29F1C19B375EC00949AA0 /* CoreGraphics.framework in Frameworks */,
				CBC29F1E19B375EC00949AA0 /* UIKit.framework in Frameworks */,
				CBC29F1A19B375EC00949AA0 /* Foundation.framework in Frameworks */,
			);
			runOnlyForDeploymentPostprocessing = 0;
		};
		CBC29F2E19B375EC00949AA0 /* Frameworks */ = {
			isa = PBXFrameworksBuildPhase;
			buildActionMask = 2147483647;
			files = (
				CBC29F3319B375EC00949AA0 /* XCTest.framework in Frameworks */,
				CBC29F3519B375EC00949AA0 /* UIKit.framework in Frameworks */,
				CBC29F3419B375EC00949AA0 /* Foundation.framework in Frameworks */,
			);
			runOnlyForDeploymentPostprocessing = 0;
		};
/* End PBXFrameworksBuildPhase section */

/* Begin PBXGroup section */
		CBC29F0D19B375EC00949AA0 = {
			isa = PBXGroup;
			children = (
				CBC29F1F19B375EC00949AA0 /* LocalNotification */,
				CBC29F3819B375EC00949AA0 /* LocalNotificationTests */,
				CBC29F1819B375EC00949AA0 /* Frameworks */,
				CBC29F1719B375EC00949AA0 /* Products */,
			);
			sourceTree = "<group>";
		};
		CBC29F1719B375EC00949AA0 /* Products */ = {
			isa = PBXGroup;
			children = (
				CBC29F1619B375EC00949AA0 /* LocalNotification.app */,
				CBC29F3119B375EC00949AA0 /* LocalNotificationTests.xctest */,
			);
			name = Products;
			sourceTree = "<group>";
		};
		CBC29F1819B375EC00949AA0 /* Frameworks */ = {
			isa = PBXGroup;
			children = (
				CBC29F1919B375EC00949AA0 /* Foundation.framework */,
				CBC29F1B19B375EC00949AA0 /* CoreGraphics.framework */,
				CBC29F1D19B375EC00949AA0 /* UIKit.framework */,
				CBC29F3219B375EC00949AA0 /* XCTest.framework */,
			);
			name = Frameworks;
			sourceTree = "<group>";
		};
		CBC29F1F19B375EC00949AA0 /* LocalNotification */ = {
			isa = PBXGroup;
			children = (
				CBC29F4819B3761100949AA0 /* ViewController.h */,
				CBC29F4919B3761100949AA0 /* ViewController.m */,
				CBC29F4A19B3761100949AA0 /* ViewController.xib */,
				CBC29F2819B375EC00949AA0 /* AppDelegate.h */,
				CBC29F2919B375EC00949AA0 /* AppDelegate.m */,
				CBC29F2B19B375EC00949AA0 /* Images.xcassets */,
				CBC29F2019B375EC00949AA0 /* Supporting Files */,
			);
			path = LocalNotification;
			sourceTree = "<group>";
		};
		CBC29F2019B375EC00949AA0 /* Supporting Files */ = {
			isa = PBXGroup;
			children = (
				CBC29F2119B375EC00949AA0 /* LocalNotification-Info.plist */,
				CBC29F2219B375EC00949AA0 /* InfoPlist.strings */,
				CBC29F2519B375EC00949AA0 /* main.m */,
				CBC29F2719B375EC00949AA0 /* LocalNotification-Prefix.pch */,
			);
			name = "Supporting Files";
			sourceTree = "<group>";
		};
		CBC29F3819B375EC00949AA0 /* LocalNotificationTests */ = {
			isa = PBXGroup;
			children = (
				CBC29F3E19B375EC00949AA0 /* LocalNotificationTests.m */,
				CBC29F3919B375EC00949AA0 /* Supporting Files */,
			);
			path = LocalNotificationTests;
			sourceTree = "<group>";
		};
		CBC29F3919B375EC00949AA0 /* Supporting Files */ = {
			isa = PBXGroup;
			children = (
				CBC29F3A19B375EC00949AA0 /* LocalNotificationTests-Info.plist */,
				CBC29F3B19B375EC00949AA0 /* InfoPlist.strings */,
			);
			name = "Supporting Files";
			sourceTree = "<group>";
		};
/* End PBXGroup section */

/* Begin PBXNativeTarget section */
		CBC29F1519B375EC00949AA0 /* LocalNotification */ = {
			isa = PBXNativeTarget;
			buildConfigurationList = CBC29F4219B375EC00949AA0 /* Build configuration list for PBXNativeTarget "LocalNotification" */;
			buildPhases = (
				CBC29F1219B375EC00949AA0 /* Sources */,
				CBC29F1319B375EC00949AA0 /* Frameworks */,
				CBC29F1419B375EC00949AA0 /* Resources */,
			);
			buildRules = (
			);
			dependencies = (
			);
			name = LocalNotification;
			productName = LocalNotification;
			productReference = CBC29F1619B375EC00949AA0 /* LocalNotification.app */;
			productType = "com.apple.product-type.application";
		};
		CBC29F3019B375EC00949AA0 /* LocalNotificationTests */ = {
			isa = PBXNativeTarget;
			buildConfigurationList = CBC29F4519B375EC00949AA0 /* Build configuration list for PBXNativeTarget "LocalNotificationTests" */;
			buildPhases = (
				CBC29F2D19B375EC00949AA0 /* Sources */,
				CBC29F2E19B375EC00949AA0 /* Frameworks */,
				CBC29F2F19B375EC00949AA0 /* Resources */,
			);
			buildRules = (
			);
			dependencies = (
				CBC29F3719B375EC00949AA0 /* PBXTargetDependency */,
			);
			name = LocalNotificationTests;
			productName = LocalNotificationTests;
			productReference = CBC29F3119B375EC00949AA0 /* LocalNotificationTests.xctest */;
			productType = "com.apple.product-type.bundle.unit-test";
		};
/* End PBXNativeTarget section */

/* Begin PBXProject section */
		CBC29F0E19B375EC00949AA0 /* Project object */ = {
			isa = PBXProject;
			attributes = {
				LastUpgradeCheck = 0510;
				ORGANIZATIONNAME = "___FULLUSERNAME___";
				TargetAttributes = {
					CBC29F3019B375EC00949AA0 = {
						TestTargetID = CBC29F1519B375EC00949AA0;
					};
				};
			};
			buildConfigurationList = CBC29F1119B375EC00949AA0 /* Build configuration list for PBXProject "LocalNotification" */;
			compatibilityVersion = "Xcode 3.2";
			developmentRegion = English;
			hasScannedForEncodings = 0;
			knownRegions = (
				en,
			);
			mainGroup = CBC29F0D19B375EC00949AA0;
			productRefGroup = CBC29F1719B375EC00949AA0 /* Products */;
			projectDirPath = "";
			projectRoot = "";
			targets = (
				CBC29F1519B375EC00949AA0 /* LocalNotification */,
				CBC29F3019B375EC00949AA0 /* LocalNotificationTests */,
			);
		};
/* End PBXProject section */

/* Begin PBXResourcesBuildPhase section */
		CBC29F1419B375EC00949AA0 /* Resources */ = {
			isa = PBXResourcesBuildPhase;
			buildActionMask = 2147483647;
			files = (
				CBC29F2419B375EC00949AA0 /* InfoPlist.strings in Resources */,
				CBC29F4C19B3761100949AA0 /* ViewController.xib in Resources */,
				CBC29F2C19B375EC00949AA0 /* Images.xcassets in Resources */,
			);
			runOnlyForDeploymentPostprocessing = 0;
		};
		CBC29F2F19B375EC00949AA0 /* Resources */ = {
			isa = PBXResourcesBuildPhase;
			buildActionMask = 2147483647;
			files = (
				CBC29F3D19B375EC00949AA0 /* InfoPlist.strings in Resources */,
			);
			runOnlyForDeploymentPostprocessing = 0;
		};
/* End PBXResourcesBuildPhase section */

/* Begin PBXSourcesBuildPhase section */
		CBC29F1219B375EC00949AA0 /* Sources */ = {
			isa = PBXSourcesBuildPhase;
			buildActionMask = 2147483647;
			files = (
				CBC29F4B19B3761100949AA0 /* ViewController.m in Sources */,
				CBC29F2A19B375EC00949AA0 /* AppDelegate.m in Sources */,
				CBC29F2619B375EC00949AA0 /* main.m in Sources */,
			);
			runOnlyForDeploymentPostprocessing = 0;
		};
		CBC29F2D19B375EC00949AA0 /* Sources */ = {
			isa = PBXSourcesBuildPhase;
			buildActionMask = 2147483647;
			files = (
				CBC29F3F19B375EC00949AA0 /* LocalNotificationTests.m in Sources */,
			);
			runOnlyForDeploymentPostprocessing = 0;
		};
/* End PBXSourcesBuildPhase section */

/* Begin PBXTargetDependency section */
		CBC29F3719B375EC00949AA0 /* PBXTargetDependency */ = {
			isa = PBXTargetDependency;
			target = CBC29F1519B375EC00949AA0 /* LocalNotification */;
			targetProxy = CBC29F3619B375EC00949AA0 /* PBXContainerItemProxy */;
		};
/* End PBXTargetDependency section */

/* Begin PBXVariantGroup section */
		CBC29F2219B375EC00949AA0 /* InfoPlist.strings */ = {
			isa = PBXVariantGroup;
			children = (
				CBC29F2319B375EC00949AA0 /* en */,
			);
			name = InfoPlist.strings;
			sourceTree = "<group>";
		};
		CBC29F3B19B375EC00949AA0 /* InfoPlist.strings */ = {
			isa = PBXVariantGroup;
			children = (
				CBC29F3C19B375EC00949AA0 /* en */,
			);
			name = InfoPlist.strings;
			sourceTree = "<group>";
		};
/* End PBXVariantGroup section */

/* Begin XCBuildConfiguration section */
		CBC29F4019B375EC00949AA0 /* Debug */ = {
			isa = XCBuildConfiguration;
			buildSettings = {
				ALWAYS_SEARCH_USER_PATHS = NO;
				CLANG_CXX_LANGUAGE_STANDARD = "gnu++0x";
				CLANG_CXX_LIBRARY = "libc++";
				CLANG_ENABLE_MODULES = YES;
				CLANG_ENABLE_OBJC_ARC = YES;
				CLANG_WARN_BOOL_CONVERSION = YES;
				CLANG_WARN_CONSTANT_CONVERSION = YES;
				CLANG_WARN_DIRECT_OBJC_ISA_USAGE = YES_ERROR;
				CLANG_WARN_EMPTY_BODY = YES;
				CLANG_WARN_ENUM_CONVERSION = YES;
				CLANG_WARN_INT_CONVERSION = YES;
				CLANG_WARN_OBJC_ROOT_CLASS = YES_ERROR;
				CLANG_WARN__DUPLICATE_METHOD_MATCH = YES;
				"CODE_SIGN_IDENTITY[sdk=iphoneos*]" = "iPhone Developer";
				COPY_PHASE_STRIP = NO;
				GCC_C_LANGUAGE_STANDARD = gnu99;
				GCC_DYNAMIC_NO_PIC = NO;
				GCC_OPTIMIZATION_LEVEL = 0;
				GCC_PREPROCESSOR_DEFINITIONS = (
					"DEBUG=1",
					"$(inherited)",
				);
				GCC_SYMBOLS_PRIVATE_EXTERN = NO;
				GCC_WARN_64_TO_32_BIT_CONVERSION = YES;
				GCC_WARN_ABOUT_RETURN_TYPE = YES_ERROR;
				GCC_WARN_UNDECLARED_SELECTOR = YES;
				GCC_WARN_UNINITIALIZED_AUTOS = YES_AGGRESSIVE;
				GCC_WARN_UNUSED_FUNCTION = YES;
				GCC_WARN_UNUSED_VARIABLE = YES;
				IPHONEOS_DEPLOYMENT_TARGET = 7.1;
				ONLY_ACTIVE_ARCH = YES;
				SDKROOT = iphoneos;
			};
			name = Debug;
		};
		CBC29F4119B375EC00949AA0 /* Release */ = {
			isa = XCBuildConfiguration;
			buildSettings = {
				ALWAYS_SEARCH_USER_PATHS = NO;
				CLANG_CXX_LANGUAGE_STANDARD = "gnu++0x";
				CLANG_CXX_LIBRARY = "libc++";
				CLANG_ENABLE_MODULES = YES;
				CLANG_ENABLE_OBJC_ARC = YES;
				CLANG_WARN_BOOL_CONVERSION = YES;
				CLANG_WARN_CONSTANT_CONVERSION = YES;
				CLANG_WARN_DIRECT_OBJC_ISA_USAGE = YES_ERROR;
				CLANG_WARN_EMPTY_BODY = YES;
				CLANG_WARN_ENUM_CONVERSION = YES;
				CLANG_WARN_INT_CONVERSION = YES;
				CLANG_WARN_OBJC_ROOT_CLASS = YES_ERROR;
				CLANG_WARN__DUPLICATE_METHOD_MATCH = YES;
				"CODE_SIGN_IDENTITY[sdk=iphoneos*]" = "iPhone Developer";
				COPY_PHASE_STRIP = YES;
				ENABLE_NS_ASSERTIONS = NO;
				GCC_C_LANGUAGE_STANDARD = gnu99;
				GCC_WARN_64_TO_32_BIT_CONVERSION = YES;
				GCC_WARN_ABOUT_RETURN_TYPE = YES_ERROR;
				GCC_WARN_UNDECLARED_SELECTOR = YES;
				GCC_WARN_UNINITIALIZED_AUTOS = YES_AGGRESSIVE;
				GCC_WARN_UNUSED_FUNCTION = YES;
				GCC_WARN_UNUSED_VARIABLE = YES;
				IPHONEOS_DEPLOYMENT_TARGET = 7.1;
				SDKROOT = iphoneos;
				VALIDATE_PRODUCT = YES;
			};
			name = Release;
		};
		CBC29F4319B375EC00949AA0 /* Debug */ = {
			isa = XCBuildConfiguration;
			buildSettings = {
				ASSETCATALOG_COMPILER_APPICON_NAME = AppIcon;
				ASSETCATALOG_COMPILER_LAUNCHIMAGE_NAME = LaunchImage;
				GCC_PRECOMPILE_PREFIX_HEADER = YES;
				GCC_PREFIX_HEADER = "LocalNotification/LocalNotification-Prefix.pch";
				INFOPLIST_FILE = "LocalNotification/LocalNotification-Info.plist";
				PRODUCT_NAME = "$(TARGET_NAME)";
				WRAPPER_EXTENSION = app;
			};
			name = Debug;
		};
		CBC29F4419B375EC00949AA0 /* Release */ = {
			isa = XCBuildConfiguration;
			buildSettings = {
				ASSETCATALOG_COMPILER_APPICON_NAME = AppIcon;
				ASSETCATALOG_COMPILER_LAUNCHIMAGE_NAME = LaunchImage;
				GCC_PRECOMPILE_PREFIX_HEADER = YES;
				GCC_PREFIX_HEADER = "LocalNotification/LocalNotification-Prefix.pch";
				INFOPLIST_FILE = "LocalNotification/LocalNotification-Info.plist";
				PRODUCT_NAME = "$(TARGET_NAME)";
				WRAPPER_EXTENSION = app;
			};
			name = Release;
		};
		CBC29F4619B375EC00949AA0 /* Debug */ = {
			isa = XCBuildConfiguration;
			buildSettings = {
				BUNDLE_LOADER = "$(BUILT_PRODUCTS_DIR)/LocalNotification.app/LocalNotification";
				FRAMEWORK_SEARCH_PATHS = (
					"$(SDKROOT)/Developer/Library/Frameworks",
					"$(inherited)",
					"$(DEVELOPER_FRAMEWORKS_DIR)",
				);
				GCC_PRECOMPILE_PREFIX_HEADER = YES;
				GCC_PREFIX_HEADER = "LocalNotification/LocalNotification-Prefix.pch";
				GCC_PREPROCESSOR_DEFINITIONS = (
					"DEBUG=1",
					"$(inherited)",
				);
				INFOPLIST_FILE = "LocalNotificationTests/LocalNotificationTests-Info.plist";
				PRODUCT_NAME = "$(TARGET_NAME)";
				TEST_HOST = "$(BUNDLE_LOADER)";
				WRAPPER_EXTENSION = xctest;
			};
			name = Debug;
		};
		CBC29F4719B375EC00949AA0 /* Release */ = {
			isa = XCBuildConfiguration;
			buildSettings = {
				BUNDLE_LOADER = "$(BUILT_PRODUCTS_DIR)/LocalNotification.app/LocalNotification";
				FRAMEWORK_SEARCH_PATHS = (
					"$(SDKROOT)/Developer/Library/Frameworks",
					"$(inherited)",
					"$(DEVELOPER_FRAMEWORKS_DIR)",
				);
				GCC_PRECOMPILE_PREFIX_HEADER = YES;
				GCC_PREFIX_HEADER = "LocalNotification/LocalNotification-Prefix.pch";
				INFOPLIST_FILE = "LocalNotificationTests/LocalNotificationTests-Info.plist";
				PRODUCT_NAME = "$(TARGET_NAME)";
				TEST_HOST = "$(BUNDLE_LOADER)";
				WRAPPER_EXTENSION = xctest;
			};
			name = Release;
		};
/* End XCBuildConfiguration section */

/* Begin XCConfigurationList section */
		CBC29F1119B375EC00949AA0 /* Build configuration list for PBXProject "LocalNotification" */ = {
			isa = XCConfigurationList;
			buildConfigurations = (
				CBC29F4019B375EC00949AA0 /* Debug */,
				CBC29F4119B375EC00949AA0 /* Release */,
			);
			defaultConfigurationIsVisible = 0;
			defaultConfigurationName = Release;
		};
		CBC29F4219B375EC00949AA0 /* Build configuration list for PBXNativeTarget "LocalNotification" */ = {
			isa = XCConfigurationList;
			buildConfigurations = (
				CBC29F4319B375EC00949AA0 /* Debug */,
				CBC29F4419B375EC00949AA0 /* Release */,
			);
			defaultConfigurationIsVisible = 0;
		};
		CBC29F4519B375EC00949AA0 /* Build configuration list for PBXNativeTarget "LocalNotificationTests" */ = {
			isa = XCConfigurationList;
			buildConfigurations = (
				CBC29F4619B375EC00949AA0 /* Debug */,
				CBC29F4719B375EC00949AA0 /* Release */,
			);
			defaultConfigurationIsVisible = 0;
		};
/* End XCConfigurationList section */
	};
	rootObject = CBC29F0E19B375EC00949AA0 /* Project object */;
}
